
Microsoft Visual Studio Solution File, Format Version 12.00
# Visual Studio Version 16
VisualStudioVersion = 16.0.30204.135
MinimumVisualStudioVersion = 10.0.40219.1
Project("{FAE04EC0-301F-11D3-BF4B-00C04F79EFBC}") = "Final C tarto", "Final C tarto\Final C tarto.csproj", "{78F28B0B-1943-4339-BD89-05329E5ADC88}"
EndProject
Global
	GlobalSection(SolutionConfigurationPlatforms) = preSolution
		Debug|Any CPU = Debug|Any CPU
		Release|Any CPU = Release|Any CPU
	EndGlobalSection
	GlobalSection(ProjectConfigurationPlatforms) = postSolution
		{78F28B0B-1943-4339-BD89-05329E5ADC88}.Debug|Any CPU.ActiveCfg = Debug|Any CPU
		{78F28B0B-1943-4339-BD89-05329E5ADC88}.Debug|Any CPU.Build.0 = Debug|Any CPU
		{78F28B0B-1943-4339-BD89-05329E5ADC88}.Release|Any CPU.ActiveCfg = Release|Any CPU
		{78F28B0B-1943-4339-BD89-05329E5ADC88}.Release|Any CPU.Build.0 = Release|Any CPU
	EndGlobalSection
	GlobalSection(SolutionProperties) = preSolution
		HideSolutionNode = FALSE
	EndGlobalSection
	GlobalSection(ExtensibilityGlobals) = postSolution
		SolutionGuid = {0121D0DE-52C2-45F5-93CA-EE33C15F702E}
	EndGlobalSection
EndGlobal
